
Microsoft Visual Studio Solution File, Format Version 12.00
# Visual Studio Version 17
VisualStudioVersion = 17.0.31919.166
MinimumVisualStudioVersion = 10.0.40219.1
Project("{FAE04EC0-301F-11D3-BF4B-00C04F79EFBC}") = "wfButton", "wfButton\wfButton.csproj", "{E6603AC4-F134-4509-8E17-6F0A8AAC89F9}"
EndProject
Global
	GlobalSection(SolutionConfigurationPlatforms) = preSolution
		Debug|Any CPU = Debug|Any CPU
		Release|Any CPU = Release|Any CPU
	EndGlobalSection
	GlobalSection(ProjectConfigurationPlatforms) = postSolution
		{E6603AC4-F134-4509-8E17-6F0A8AAC89F9}.Debug|Any CPU.ActiveCfg = Debug|Any CPU
		{E6603AC4-F134-4509-8E17-6F0A8AAC89F9}.Debug|Any CPU.Build.0 = Debug|Any CPU
		{E6603AC4-F134-4509-8E17-6F0A8AAC89F9}.Release|Any CPU.ActiveCfg = Release|Any CPU
		{E6603AC4-F134-4509-8E17-6F0A8AAC89F9}.Release|Any CPU.Build.0 = Release|Any CPU
	EndGlobalSection
	GlobalSection(SolutionProperties) = preSolution
		HideSolutionNode = FALSE
	EndGlobalSection
	GlobalSection(ExtensibilityGlobals) = postSolution
		SolutionGuid = {8626C948-7CCF-42EE-9355-C3DA05E937F0}
	EndGlobalSection
EndGlobal
